
Microsoft Visual Studio Solution File, Format Version 12.00
# Visual Studio Version 16
VisualStudioVersion = 16.0.31112.23
MinimumVisualStudioVersion = 10.0.40219.1
Project("{FAE04EC0-301F-11D3-BF4B-00C04F79EFBC}") = "ElevenNote.WebMVC", "ElevenNote.WebMVC\ElevenNote.WebMVC.csproj", "{CB73033C-7828-49A6-BAFE-31A00007ED44}"
EndProject
Project("{FAE04EC0-301F-11D3-BF4B-00C04F79EFBC}") = "ElevenNote.Data", "ElevenNote.Data\ElevenNote.Data.csproj", "{0A67F646-B587-461C-A133-45C9AE5F25F9}"
EndProject
Project("{FAE04EC0-301F-11D3-BF4B-00C04F79EFBC}") = "ElevenNote.Models", "ElevenNote.Models\ElevenNote.Models.csproj", "{BD3D69CE-3201-469B-B57B-DD2B3B074AAA}"
EndProject
Project("{FAE04EC0-301F-11D3-BF4B-00C04F79EFBC}") = "ElevenNote.Services", "ElevenNote.Services\ElevenNote.Services.csproj", "{F7023C62-36AF-409C-9BF5-A0B760ADD5CC}"
EndProject
Project("{FAE04EC0-301F-11D3-BF4B-00C04F79EFBC}") = "ElevenNote.Contracts", "ElevenNote.Contracts\ElevenNote.Contracts.csproj", "{D7B6D69E-015F-4659-B869-58E31A4FBFE1}"
EndProject
Project("{FAE04EC0-301F-11D3-BF4B-00C04F79EFBC}") = "ElevenNote.Tests", "ElevenNote.Tests\ElevenNote.Tests.csproj", "{DDCAD8F6-3EB8-45FC-B5C6-62F05BE776C3}"
EndProject
Global
	GlobalSection(SolutionConfigurationPlatforms) = preSolution
		Debug|Any CPU = Debug|Any CPU
		Release|Any CPU = Release|Any CPU
	EndGlobalSection
	GlobalSection(ProjectConfigurationPlatforms) = postSolution
		{CB73033C-7828-49A6-BAFE-31A00007ED44}.Debug|Any CPU.ActiveCfg = Debug|Any CPU
		{CB73033C-7828-49A6-BAFE-31A00007ED44}.Debug|Any CPU.Build.0 = Debug|Any CPU
		{CB73033C-7828-49A6-BAFE-31A00007ED44}.Release|Any CPU.ActiveCfg = Release|Any CPU
		{CB73033C-7828-49A6-BAFE-31A00007ED44}.Release|Any CPU.Build.0 = Release|Any CPU
		{0A67F646-B587-461C-A133-45C9AE5F25F9}.Debug|Any CPU.ActiveCfg = Debug|Any CPU
		{0A67F646-B587-461C-A133-45C9AE5F25F9}.Debug|Any CPU.Build.0 = Debug|Any CPU
		{0A67F646-B587-461C-A133-45C9AE5F25F9}.Release|Any CPU.ActiveCfg = Release|Any CPU
		{0A67F646-B587-461C-A133-45C9AE5F25F9}.Release|Any CPU.Build.0 = Release|Any CPU
		{BD3D69CE-3201-469B-B57B-DD2B3B074AAA}.Debug|Any CPU.ActiveCfg = Debug|Any CPU
		{BD3D69CE-3201-469B-B57B-DD2B3B074AAA}.Debug|Any CPU.Build.0 = Debug|Any CPU
		{BD3D69CE-3201-469B-B57B-DD2B3B074AAA}.Release|Any CPU.ActiveCfg = Release|Any CPU
		{BD3D69CE-3201-469B-B57B-DD2B3B074AAA}.Release|Any CPU.Build.0 = Release|Any CPU
		{F7023C62-36AF-409C-9BF5-A0B760ADD5CC}.Debug|Any CPU.ActiveCfg = Debug|Any CPU
		{F7023C62-36AF-409C-9BF5-A0B760ADD5CC}.Debug|Any CPU.Build.0 = Debug|Any CPU
		{F7023C62-36AF-409C-9BF5-A0B760ADD5CC}.Release|Any CPU.ActiveCfg = Release|Any CPU
		{F7023C62-36AF-409C-9BF5-A0B760ADD5CC}.Release|Any CPU.Build.0 = Release|Any CPU
		{D7B6D69E-015F-4659-B869-58E31A4FBFE1}.Debug|Any CPU.ActiveCfg = Debug|Any CPU
		{D7B6D69E-015F-4659-B869-58E31A4FBFE1}.Debug|Any CPU.Build.0 = Debug|Any CPU
		{D7B6D69E-015F-4659-B869-58E31A4FBFE1}.Release|Any CPU.ActiveCfg = Release|Any CPU
		{D7B6D69E-015F-4659-B869-58E31A4FBFE1}.Release|Any CPU.Build.0 = Release|Any CPU
		{DDCAD8F6-3EB8-45FC-B5C6-62F05BE776C3}.Debug|Any CPU.ActiveCfg = Debug|Any CPU
		{DDCAD8F6-3EB8-45FC-B5C6-62F05BE776C3}.Debug|Any CPU.Build.0 = Debug|Any CPU
		{DDCAD8F6-3EB8-45FC-B5C6-62F05BE776C3}.Release|Any CPU.ActiveCfg = Release|Any CPU
		{DDCAD8F6-3EB8-45FC-B5C6-62F05BE776C3}.Release|Any CPU.Build.0 = Release|Any CPU
	EndGlobalSection
	GlobalSection(SolutionProperties) = preSolution
		HideSolutionNode = FALSE
	EndGlobalSection
	GlobalSection(ExtensibilityGlobals) = postSolution
		SolutionGuid = {3FCB365D-9402-4F93-981A-544B2E848FC6}
	EndGlobalSection
EndGlobal
